
Microsoft Visual Studio Solution File, Format Version 12.00
# Visual Studio Version 16
VisualStudioVersion = 16.0.30320.27
MinimumVisualStudioVersion = 10.0.40219.1
Project("{FAE04EC0-301F-11D3-BF4B-00C04F79EFBC}") = "a_conditionals_4", "a_conditionals_4.csproj", "{60B7B3D5-21C4-4CE2-A329-63CACD2028CB}"
EndProject
Global
	GlobalSection(SolutionConfigurationPlatforms) = preSolution
		Debug|Any CPU = Debug|Any CPU
		Release|Any CPU = Release|Any CPU
	EndGlobalSection
	GlobalSection(ProjectConfigurationPlatforms) = postSolution
		{60B7B3D5-21C4-4CE2-A329-63CACD2028CB}.Debug|Any CPU.ActiveCfg = Debug|Any CPU
		{60B7B3D5-21C4-4CE2-A329-63CACD2028CB}.Debug|Any CPU.Build.0 = Debug|Any CPU
		{60B7B3D5-21C4-4CE2-A329-63CACD2028CB}.Release|Any CPU.ActiveCfg = Release|Any CPU
		{60B7B3D5-21C4-4CE2-A329-63CACD2028CB}.Release|Any CPU.Build.0 = Release|Any CPU
	EndGlobalSection
	GlobalSection(SolutionProperties) = preSolution
		HideSolutionNode = FALSE
	EndGlobalSection
	GlobalSection(ExtensibilityGlobals) = postSolution
		SolutionGuid = {E1022EBD-15C4-46B4-9C1E-BC3DB286A08E}
	EndGlobalSection
EndGlobal
